PODS:
  - Alamofire (3.1.5)
  - Firebase (2.5.1)
  - MaterialTextField (0.2)
  - SwiftyJSON (2.3.2)

DEPENDENCIES:
  - Alamofire (~> 3.1.5)
  - Firebase (>= 2.5.1)
  - MaterialTextField (~> 0.2)
  - SwiftyJSON (~> 2.3.2)

SPEC CHECKSUMS:
  Alamofire: 5f730ba29fd113b7ddd71c1e65d0c630acf5d7b0
  Firebase: 3565ea88b830f28f2c77ecc524622bc71a20d085
  MaterialTextField: 4b7f0a55b262493e74f7d2da4f93227c362c7746
  SwiftyJSON: 04ccea08915aa0109039157c7974cf0298da292a

COCOAPODS: 0.39.0
